
Microsoft Visual Studio Solution File, Format Version 12.00
# Visual Studio Version 17
VisualStudioVersion = 17.0.31903.59
MinimumVisualStudioVersion = 10.0.40219.1
Project("{2150E333-8FDC-42A3-9474-1A3956D46DE8}") = "BaseModules", "BaseModules", "{C13DF9A2-BA4D-A1B9-761E-1AF5DE5BF051}"
EndProject
Project("{2150E333-8FDC-42A3-9474-1A3956D46DE8}") = "IAM", "IAM", "{F0E4D74A-A9F6-0CEB-EC1B-587B4EDAA46B}"
EndProject
Project("{FAE04EC0-301F-11D3-BF4B-00C04F79EFBC}") = "BaseModules.IAM.Api", "BaseModules\IAM\BaseModules.IAM.Api\BaseModules.IAM.Api.csproj", "{6E73EBE0-AEC2-4399-978E-C86E0D5E1A11}"
EndProject
Project("{FAE04EC0-301F-11D3-BF4B-00C04F79EFBC}") = "BaseModules.IAM.Application", "BaseModules\IAM\BaseModules.IAM.Application\BaseModules.IAM.Application.csproj", "{F7294632-E8EF-46DA-B3C0-72A5B64406FC}"
EndProject
Project("{FAE04EC0-301F-11D3-BF4B-00C04F79EFBC}") = "BaseModules.IAM.Domain", "BaseModules\IAM\BaseModules.IAM.Domain\BaseModules.IAM.Domain.csproj", "{54B1BAAC-4C23-41A9-8076-6DDE97A8E46B}"
EndProject
Project("{FAE04EC0-301F-11D3-BF4B-00C04F79EFBC}") = "BaseModules.IAM.Infrastructure", "BaseModules\IAM\BaseModules.IAM.Infrastructure\BaseModules.IAM.Infrastructure.csproj", "{B787B5D1-F547-48BF-91AF-25225B4F6F16}"
EndProject
Project("{2150E333-8FDC-42A3-9474-1A3956D46DE8}") = "Common", "Common", "{881589EE-639B-0A35-DBCE-5D94E4FC90C0}"
EndProject
Project("{2150E333-8FDC-42A3-9474-1A3956D46DE8}") = "Definitions", "Definitions", "{0FFB6356-11BD-8247-1BE4-2A2F8DA43623}"
EndProject
Project("{FAE04EC0-301F-11D3-BF4B-00C04F79EFBC}") = "Common.Definitions.Domain", "Common\Definitions\Common.Definitions.Domain\Common.Definitions.Domain.csproj", "{E78B4494-D975-4A0A-97FE-01C4C1B9975A}"
EndProject
Project("{FAE04EC0-301F-11D3-BF4B-00C04F79EFBC}") = "Common.Definitions.Infrastructure", "Common\Definitions\Common.Definitions.Infrastructure\Common.Definitions.Infrastructure.csproj", "{E5A110F5-B5A5-483E-ACFB-4C8FD1441E16}"
EndProject
Project("{2150E333-8FDC-42A3-9474-1A3956D46DE8}") = "Connectors", "Connectors", "{46C6F598-D907-2EE4-E407-8E9C5E8D325E}"
EndProject
Project("{FAE04EC0-301F-11D3-BF4B-00C04F79EFBC}") = "Common.Connectors", "Common\Connectors\Common.Connectors.csproj", "{F5A644AF-B272-4B29-AC6A-CB3BC0201C0F}"
EndProject
Project("{2150E333-8FDC-42A3-9474-1A3956D46DE8}") = "Contracts", "Contracts", "{56787BCC-1D17-4674-3EC8-20108B77A4E0}"
EndProject
Project("{FAE04EC0-301F-11D3-BF4B-00C04F79EFBC}") = "Common.Contracts", "Common\Contracts\Common.Contracts.csproj", "{70346D1D-BE27-4C10-B489-E427D168F6A3}"
EndProject
Project("{2150E333-8FDC-42A3-9474-1A3956D46DE8}") = "Services", "Services", "{88443A57-9919-213F-21FA-7714FFA1EEFC}"
EndProject
Project("{2150E333-8FDC-42A3-9474-1A3956D46DE8}") = "Domain", "Domain", "{5C5E9D51-4D23-C6C2-228F-A285A3EE1BEC}"
EndProject
Project("{FAE04EC0-301F-11D3-BF4B-00C04F79EFBC}") = "Common.Domain.Base", "Common\Domain\Common.Domain.Base\Common.Domain.Base.csproj", "{C2F633A8-C105-46E2-B8F7-A4EA1E9B33A4}"
EndProject
Project("{2150E333-8FDC-42A3-9474-1A3956D46DE8}") = "Jobs", "Jobs", "{8FACA5AE-6910-C0F8-C7AF-9A631EB1C11B}"
EndProject
Project("{2150E333-8FDC-42A3-9474-1A3956D46DE8}") = "RelationalDB", "RelationalDB", "{F433EB62-E417-8789-1F69-1E89F81C575B}"
EndProject
Project("{2150E333-8FDC-42A3-9474-1A3956D46DE8}") = "MigrationJob", "MigrationJob", "{60F2EAED-B43C-B885-D5EE-B7F78EEBC4FD}"
EndProject
Project("{FAE04EC0-301F-11D3-BF4B-00C04F79EFBC}") = "Jobs.RelationalDB.MigrationJob", "Jobs\RelationalDB\MigrationJob\Jobs.RelationalDB.MigrationJob.csproj", "{6B2F1E10-9005-48C2-8C9E-03538D9F356E}"
EndProject
Project("{2150E333-8FDC-42A3-9474-1A3956D46DE8}") = "BusinessModules", "BusinessModules", "{9DDA50E5-7C40-8D64-9153-BA390C772D55}"
EndProject
Project("{2150E333-8FDC-42A3-9474-1A3956D46DE8}") = "Hirovo", "Hirovo", "{C2C694A3-B3D2-01AD-BC90-93217C79098C}"
EndProject
Project("{FAE04EC0-301F-11D3-BF4B-00C04F79EFBC}") = "BusinessModules.Hirovo.Api", "BusinessModules\Hirovo\BusinessModules.Hirovo.Api\BusinessModules.Hirovo.Api.csproj", "{0D509C90-22EF-4212-9D0A-FAB02430B01B}"
EndProject
Project("{FAE04EC0-301F-11D3-BF4B-00C04F79EFBC}") = "BusinessModules.Hirovo.Application", "BusinessModules\Hirovo\BusinessModules.Hirovo.Application\BusinessModules.Hirovo.Application.csproj", "{F1068145-053F-40A4-8641-1B738841336A}"
EndProject
Project("{FAE04EC0-301F-11D3-BF4B-00C04F79EFBC}") = "BusinessModules.Hirovo.Domain", "BusinessModules\Hirovo\BusinessModules.Hirovo.Domain\BusinessModules.Hirovo.Domain.csproj", "{35BDA92E-C344-404B-B0DA-ADE856D10F8C}"
EndProject
Project("{FAE04EC0-301F-11D3-BF4B-00C04F79EFBC}") = "BusinessModules.Hirovo.Infrastructure", "BusinessModules\Hirovo\BusinessModules.Hirovo.Infrastructure\BusinessModules.Hirovo.Infrastructure.csproj", "{CFC2D452-56ED-4709-A384-7DACD4F70531}"
EndProject
Project("{FAE04EC0-301F-11D3-BF4B-00C04F79EFBC}") = "Common.Services.ErrorCodeGenerator", "Common\Services\Common.Services.ErrorCodeGenerator\Common.Services.ErrorCodeGenerator.csproj", "{92546B8C-40F0-4C4B-B98D-10AA6CEAB5FF}"
EndProject
Project("{FAE04EC0-301F-11D3-BF4B-00C04F79EFBC}") = "Common.Services.Environment", "Common\Services\Common.Services.Environment\Common.Services.Environment.csproj", "{7545C906-A657-47C0-816F-CF2A52C31DB8}"
EndProject
Project("{FAE04EC0-301F-11D3-BF4B-00C04F79EFBC}") = "Common.Services.Auth", "Common\Services\Common.Services.Auth\Common.Services.Auth.csproj", "{8F9A2A67-44E4-474E-9CFB-E1EA0E366253}"
EndProject
Project("{2150E333-8FDC-42A3-9474-1A3956D46DE8}") = "Gateways", "Gateways", "{C3A202AD-EADD-4864-49DF-ED20E2971546}"
EndProject
Project("{2150E333-8FDC-42A3-9474-1A3956D46DE8}") = "Api", "Api", "{EA7B36D5-96A9-EB14-2CD4-641021870AD5}"
EndProject
Project("{FAE04EC0-301F-11D3-BF4B-00C04F79EFBC}") = "Gateways.ApiGateway.Api", "Gateways\Api\Gateways.ApiGateway.Api\Gateways.ApiGateway.Api.csproj", "{0FBD773F-A8B1-48C9-A31B-FFE54A2932EE}"
EndProject
Project("{2150E333-8FDC-42A3-9474-1A3956D46DE8}") = "UI", "UI", "{87E366C1-8DC6-48A0-B6BF-07F71ACC2E9B}"
EndProject
Project("{FAE04EC0-301F-11D3-BF4B-00C04F79EFBC}") = "Gateways.UiGateway.Api", "Gateways\UI\Gateways.UiGateway.Api\Gateways.UiGateway.Api.csproj", "{1067065B-1A9A-41ED-B8FF-8A53DE08BC29}"
EndProject
Global
	GlobalSection(SolutionConfigurationPlatforms) = preSolution
		Debug|Any CPU = Debug|Any CPU
		Debug|x64 = Debug|x64
		Debug|x86 = Debug|x86
		Release|Any CPU = Release|Any CPU
		Release|x64 = Release|x64
		Release|x86 = Release|x86
	EndGlobalSection
	GlobalSection(ProjectConfigurationPlatforms) = postSolution
		{6E73EBE0-AEC2-4399-978E-C86E0D5E1A11}.Debug|Any CPU.ActiveCfg = Debug|Any CPU
		{6E73EBE0-AEC2-4399-978E-C86E0D5E1A11}.Debug|Any CPU.Build.0 = Debug|Any CPU
		{6E73EBE0-AEC2-4399-978E-C86E0D5E1A11}.Debug|x64.ActiveCfg = Debug|Any CPU
		{6E73EBE0-AEC2-4399-978E-C86E0D5E1A11}.Debug|x64.Build.0 = Debug|Any CPU
		{6E73EBE0-AEC2-4399-978E-C86E0D5E1A11}.Debug|x86.ActiveCfg = Debug|Any CPU
		{6E73EBE0-AEC2-4399-978E-C86E0D5E1A11}.Debug|x86.Build.0 = Debug|Any CPU
		{6E73EBE0-AEC2-4399-978E-C86E0D5E1A11}.Release|Any CPU.ActiveCfg = Release|Any CPU
		{6E73EBE0-AEC2-4399-978E-C86E0D5E1A11}.Release|Any CPU.Build.0 = Release|Any CPU
		{6E73EBE0-AEC2-4399-978E-C86E0D5E1A11}.Release|x64.ActiveCfg = Release|Any CPU
		{6E73EBE0-AEC2-4399-978E-C86E0D5E1A11}.Release|x64.Build.0 = Release|Any CPU
		{6E73EBE0-AEC2-4399-978E-C86E0D5E1A11}.Release|x86.ActiveCfg = Release|Any CPU
		{6E73EBE0-AEC2-4399-978E-C86E0D5E1A11}.Release|x86.Build.0 = Release|Any CPU
		{F7294632-E8EF-46DA-B3C0-72A5B64406FC}.Debug|Any CPU.ActiveCfg = Debug|Any CPU
		{F7294632-E8EF-46DA-B3C0-72A5B64406FC}.Debug|Any CPU.Build.0 = Debug|Any CPU
		{F7294632-E8EF-46DA-B3C0-72A5B64406FC}.Debug|x64.ActiveCfg = Debug|Any CPU
		{F7294632-E8EF-46DA-B3C0-72A5B64406FC}.Debug|x64.Build.0 = Debug|Any CPU
		{F7294632-E8EF-46DA-B3C0-72A5B64406FC}.Debug|x86.ActiveCfg = Debug|Any CPU
		{F7294632-E8EF-46DA-B3C0-72A5B64406FC}.Debug|x86.Build.0 = Debug|Any CPU
		{F7294632-E8EF-46DA-B3C0-72A5B64406FC}.Release|Any CPU.ActiveCfg = Release|Any CPU
		{F7294632-E8EF-46DA-B3C0-72A5B64406FC}.Release|Any CPU.Build.0 = Release|Any CPU
		{F7294632-E8EF-46DA-B3C0-72A5B64406FC}.Release|x64.ActiveCfg = Release|Any CPU
		{F7294632-E8EF-46DA-B3C0-72A5B64406FC}.Release|x64.Build.0 = Release|Any CPU
		{F7294632-E8EF-46DA-B3C0-72A5B64406FC}.Release|x86.ActiveCfg = Release|Any CPU
		{F7294632-E8EF-46DA-B3C0-72A5B64406FC}.Release|x86.Build.0 = Release|Any CPU
		{54B1BAAC-4C23-41A9-8076-6DDE97A8E46B}.Debug|Any CPU.ActiveCfg = Debug|Any CPU
		{54B1BAAC-4C23-41A9-8076-6DDE97A8E46B}.Debug|Any CPU.Build.0 = Debug|Any CPU
		{54B1BAAC-4C23-41A9-8076-6DDE97A8E46B}.Debug|x64.ActiveCfg = Debug|Any CPU
		{54B1BAAC-4C23-41A9-8076-6DDE97A8E46B}.Debug|x64.Build.0 = Debug|Any CPU
		{54B1BAAC-4C23-41A9-8076-6DDE97A8E46B}.Debug|x86.ActiveCfg = Debug|Any CPU
		{54B1BAAC-4C23-41A9-8076-6DDE97A8E46B}.Debug|x86.Build.0 = Debug|Any CPU
		{54B1BAAC-4C23-41A9-8076-6DDE97A8E46B}.Release|Any CPU.ActiveCfg = Release|Any CPU
		{54B1BAAC-4C23-41A9-8076-6DDE97A8E46B}.Release|Any CPU.Build.0 = Release|Any CPU
		{54B1BAAC-4C23-41A9-8076-6DDE97A8E46B}.Release|x64.ActiveCfg = Release|Any CPU
		{54B1BAAC-4C23-41A9-8076-6DDE97A8E46B}.Release|x64.Build.0 = Release|Any CPU
		{54B1BAAC-4C23-41A9-8076-6DDE97A8E46B}.Release|x86.ActiveCfg = Release|Any CPU
		{54B1BAAC-4C23-41A9-8076-6DDE97A8E46B}.Release|x86.Build.0 = Release|Any CPU
		{B787B5D1-F547-48BF-91AF-25225B4F6F16}.Debug|Any CPU.ActiveCfg = Debug|Any CPU
		{B787B5D1-F547-48BF-91AF-25225B4F6F16}.Debug|Any CPU.Build.0 = Debug|Any CPU
		{B787B5D1-F547-48BF-91AF-25225B4F6F16}.Debug|x64.ActiveCfg = Debug|Any CPU
		{B787B5D1-F547-48BF-91AF-25225B4F6F16}.Debug|x64.Build.0 = Debug|Any CPU
		{B787B5D1-F547-48BF-91AF-25225B4F6F16}.Debug|x86.ActiveCfg = Debug|Any CPU
		{B787B5D1-F547-48BF-91AF-25225B4F6F16}.Debug|x86.Build.0 = Debug|Any CPU
		{B787B5D1-F547-48BF-91AF-25225B4F6F16}.Release|Any CPU.ActiveCfg = Release|Any CPU
		{B787B5D1-F547-48BF-91AF-25225B4F6F16}.Release|Any CPU.Build.0 = Release|Any CPU
		{B787B5D1-F547-48BF-91AF-25225B4F6F16}.Release|x64.ActiveCfg = Release|Any CPU
		{B787B5D1-F547-48BF-91AF-25225B4F6F16}.Release|x64.Build.0 = Release|Any CPU
		{B787B5D1-F547-48BF-91AF-25225B4F6F16}.Release|x86.ActiveCfg = Release|Any CPU
		{B787B5D1-F547-48BF-91AF-25225B4F6F16}.Release|x86.Build.0 = Release|Any CPU
		{E78B4494-D975-4A0A-97FE-01C4C1B9975A}.Debug|Any CPU.ActiveCfg = Debug|Any CPU
		{E78B4494-D975-4A0A-97FE-01C4C1B9975A}.Debug|Any CPU.Build.0 = Debug|Any CPU
		{E78B4494-D975-4A0A-97FE-01C4C1B9975A}.Debug|x64.ActiveCfg = Debug|Any CPU
		{E78B4494-D975-4A0A-97FE-01C4C1B9975A}.Debug|x64.Build.0 = Debug|Any CPU
		{E78B4494-D975-4A0A-97FE-01C4C1B9975A}.Debug|x86.ActiveCfg = Debug|Any CPU
		{E78B4494-D975-4A0A-97FE-01C4C1B9975A}.Debug|x86.Build.0 = Debug|Any CPU
		{E78B4494-D975-4A0A-97FE-01C4C1B9975A}.Release|Any CPU.ActiveCfg = Release|Any CPU
		{E78B4494-D975-4A0A-97FE-01C4C1B9975A}.Release|Any CPU.Build.0 = Release|Any CPU
		{E78B4494-D975-4A0A-97FE-01C4C1B9975A}.Release|x64.ActiveCfg = Release|Any CPU
		{E78B4494-D975-4A0A-97FE-01C4C1B9975A}.Release|x64.Build.0 = Release|Any CPU
		{E78B4494-D975-4A0A-97FE-01C4C1B9975A}.Release|x86.ActiveCfg = Release|Any CPU
		{E78B4494-D975-4A0A-97FE-01C4C1B9975A}.Release|x86.Build.0 = Release|Any CPU
		{E5A110F5-B5A5-483E-ACFB-4C8FD1441E16}.Debug|Any CPU.ActiveCfg = Debug|Any CPU
		{E5A110F5-B5A5-483E-ACFB-4C8FD1441E16}.Debug|Any CPU.Build.0 = Debug|Any CPU
		{E5A110F5-B5A5-483E-ACFB-4C8FD1441E16}.Debug|x64.ActiveCfg = Debug|Any CPU
		{E5A110F5-B5A5-483E-ACFB-4C8FD1441E16}.Debug|x64.Build.0 = Debug|Any CPU
		{E5A110F5-B5A5-483E-ACFB-4C8FD1441E16}.Debug|x86.ActiveCfg = Debug|Any CPU
		{E5A110F5-B5A5-483E-ACFB-4C8FD1441E16}.Debug|x86.Build.0 = Debug|Any CPU
		{E5A110F5-B5A5-483E-ACFB-4C8FD1441E16}.Release|Any CPU.ActiveCfg = Release|Any CPU
		{E5A110F5-B5A5-483E-ACFB-4C8FD1441E16}.Release|Any CPU.Build.0 = Release|Any CPU
		{E5A110F5-B5A5-483E-ACFB-4C8FD1441E16}.Release|x64.ActiveCfg = Release|Any CPU
		{E5A110F5-B5A5-483E-ACFB-4C8FD1441E16}.Release|x64.Build.0 = Release|Any CPU
		{E5A110F5-B5A5-483E-ACFB-4C8FD1441E16}.Release|x86.ActiveCfg = Release|Any CPU
		{E5A110F5-B5A5-483E-ACFB-4C8FD1441E16}.Release|x86.Build.0 = Release|Any CPU
		{F5A644AF-B272-4B29-AC6A-CB3BC0201C0F}.Debug|Any CPU.ActiveCfg = Debug|Any CPU
		{F5A644AF-B272-4B29-AC6A-CB3BC0201C0F}.Debug|Any CPU.Build.0 = Debug|Any CPU
		{F5A644AF-B272-4B29-AC6A-CB3BC0201C0F}.Debug|x64.ActiveCfg = Debug|Any CPU
		{F5A644AF-B272-4B29-AC6A-CB3BC0201C0F}.Debug|x64.Build.0 = Debug|Any CPU
		{F5A644AF-B272-4B29-AC6A-CB3BC0201C0F}.Debug|x86.ActiveCfg = Debug|Any CPU
		{F5A644AF-B272-4B29-AC6A-CB3BC0201C0F}.Debug|x86.Build.0 = Debug|Any CPU
		{F5A644AF-B272-4B29-AC6A-CB3BC0201C0F}.Release|Any CPU.ActiveCfg = Release|Any CPU
		{F5A644AF-B272-4B29-AC6A-CB3BC0201C0F}.Release|Any CPU.Build.0 = Release|Any CPU
		{F5A644AF-B272-4B29-AC6A-CB3BC0201C0F}.Release|x64.ActiveCfg = Release|Any CPU
		{F5A644AF-B272-4B29-AC6A-CB3BC0201C0F}.Release|x64.Build.0 = Release|Any CPU
		{F5A644AF-B272-4B29-AC6A-CB3BC0201C0F}.Release|x86.ActiveCfg = Release|Any CPU
		{F5A644AF-B272-4B29-AC6A-CB3BC0201C0F}.Release|x86.Build.0 = Release|Any CPU
		{70346D1D-BE27-4C10-B489-E427D168F6A3}.Debug|Any CPU.ActiveCfg = Debug|Any CPU
		{70346D1D-BE27-4C10-B489-E427D168F6A3}.Debug|Any CPU.Build.0 = Debug|Any CPU
		{70346D1D-BE27-4C10-B489-E427D168F6A3}.Debug|x64.ActiveCfg = Debug|Any CPU
		{70346D1D-BE27-4C10-B489-E427D168F6A3}.Debug|x64.Build.0 = Debug|Any CPU
		{70346D1D-BE27-4C10-B489-E427D168F6A3}.Debug|x86.ActiveCfg = Debug|Any CPU
		{70346D1D-BE27-4C10-B489-E427D168F6A3}.Debug|x86.Build.0 = Debug|Any CPU
		{70346D1D-BE27-4C10-B489-E427D168F6A3}.Release|Any CPU.ActiveCfg = Release|Any CPU
		{70346D1D-BE27-4C10-B489-E427D168F6A3}.Release|Any CPU.Build.0 = Release|Any CPU
		{70346D1D-BE27-4C10-B489-E427D168F6A3}.Release|x64.ActiveCfg = Release|Any CPU
		{70346D1D-BE27-4C10-B489-E427D168F6A3}.Release|x64.Build.0 = Release|Any CPU
		{70346D1D-BE27-4C10-B489-E427D168F6A3}.Release|x86.ActiveCfg = Release|Any CPU
		{70346D1D-BE27-4C10-B489-E427D168F6A3}.Release|x86.Build.0 = Release|Any CPU
		{C2F633A8-C105-46E2-B8F7-A4EA1E9B33A4}.Debug|Any CPU.ActiveCfg = Debug|Any CPU
		{C2F633A8-C105-46E2-B8F7-A4EA1E9B33A4}.Debug|Any CPU.Build.0 = Debug|Any CPU
		{C2F633A8-C105-46E2-B8F7-A4EA1E9B33A4}.Debug|x64.ActiveCfg = Debug|Any CPU
		{C2F633A8-C105-46E2-B8F7-A4EA1E9B33A4}.Debug|x64.Build.0 = Debug|Any CPU
		{C2F633A8-C105-46E2-B8F7-A4EA1E9B33A4}.Debug|x86.ActiveCfg = Debug|Any CPU
		{C2F633A8-C105-46E2-B8F7-A4EA1E9B33A4}.Debug|x86.Build.0 = Debug|Any CPU
		{C2F633A8-C105-46E2-B8F7-A4EA1E9B33A4}.Release|Any CPU.ActiveCfg = Release|Any CPU
		{C2F633A8-C105-46E2-B8F7-A4EA1E9B33A4}.Release|Any CPU.Build.0 = Release|Any CPU
		{C2F633A8-C105-46E2-B8F7-A4EA1E9B33A4}.Release|x64.ActiveCfg = Release|Any CPU
		{C2F633A8-C105-46E2-B8F7-A4EA1E9B33A4}.Release|x64.Build.0 = Release|Any CPU
		{C2F633A8-C105-46E2-B8F7-A4EA1E9B33A4}.Release|x86.ActiveCfg = Release|Any CPU
		{C2F633A8-C105-46E2-B8F7-A4EA1E9B33A4}.Release|x86.Build.0 = Release|Any CPU
		{6B2F1E10-9005-48C2-8C9E-03538D9F356E}.Debug|Any CPU.ActiveCfg = Debug|Any CPU
		{6B2F1E10-9005-48C2-8C9E-03538D9F356E}.Debug|Any CPU.Build.0 = Debug|Any CPU
		{6B2F1E10-9005-48C2-8C9E-03538D9F356E}.Debug|x64.ActiveCfg = Debug|Any CPU
		{6B2F1E10-9005-48C2-8C9E-03538D9F356E}.Debug|x64.Build.0 = Debug|Any CPU
		{6B2F1E10-9005-48C2-8C9E-03538D9F356E}.Debug|x86.ActiveCfg = Debug|Any CPU
		{6B2F1E10-9005-48C2-8C9E-03538D9F356E}.Debug|x86.Build.0 = Debug|Any CPU
		{6B2F1E10-9005-48C2-8C9E-03538D9F356E}.Release|Any CPU.ActiveCfg = Release|Any CPU
		{6B2F1E10-9005-48C2-8C9E-03538D9F356E}.Release|Any CPU.Build.0 = Release|Any CPU
		{6B2F1E10-9005-48C2-8C9E-03538D9F356E}.Release|x64.ActiveCfg = Release|Any CPU
		{6B2F1E10-9005-48C2-8C9E-03538D9F356E}.Release|x64.Build.0 = Release|Any CPU
		{6B2F1E10-9005-48C2-8C9E-03538D9F356E}.Release|x86.ActiveCfg = Release|Any CPU
		{6B2F1E10-9005-48C2-8C9E-03538D9F356E}.Release|x86.Build.0 = Release|Any CPU
		{0D509C90-22EF-4212-9D0A-FAB02430B01B}.Debug|Any CPU.ActiveCfg = Debug|Any CPU
		{0D509C90-22EF-4212-9D0A-FAB02430B01B}.Debug|Any CPU.Build.0 = Debug|Any CPU
		{0D509C90-22EF-4212-9D0A-FAB02430B01B}.Debug|x64.ActiveCfg = Debug|Any CPU
		{0D509C90-22EF-4212-9D0A-FAB02430B01B}.Debug|x64.Build.0 = Debug|Any CPU
		{0D509C90-22EF-4212-9D0A-FAB02430B01B}.Debug|x86.ActiveCfg = Debug|Any CPU
		{0D509C90-22EF-4212-9D0A-FAB02430B01B}.Debug|x86.Build.0 = Debug|Any CPU
		{0D509C90-22EF-4212-9D0A-FAB02430B01B}.Release|Any CPU.ActiveCfg = Release|Any CPU
		{0D509C90-22EF-4212-9D0A-FAB02430B01B}.Release|Any CPU.Build.0 = Release|Any CPU
		{0D509C90-22EF-4212-9D0A-FAB02430B01B}.Release|x64.ActiveCfg = Release|Any CPU
		{0D509C90-22EF-4212-9D0A-FAB02430B01B}.Release|x64.Build.0 = Release|Any CPU
		{0D509C90-22EF-4212-9D0A-FAB02430B01B}.Release|x86.ActiveCfg = Release|Any CPU
		{0D509C90-22EF-4212-9D0A-FAB02430B01B}.Release|x86.Build.0 = Release|Any CPU
		{F1068145-053F-40A4-8641-1B738841336A}.Debug|Any CPU.ActiveCfg = Debug|Any CPU
		{F1068145-053F-40A4-8641-1B738841336A}.Debug|Any CPU.Build.0 = Debug|Any CPU
		{F1068145-053F-40A4-8641-1B738841336A}.Debug|x64.ActiveCfg = Debug|Any CPU
		{F1068145-053F-40A4-8641-1B738841336A}.Debug|x64.Build.0 = Debug|Any CPU
		{F1068145-053F-40A4-8641-1B738841336A}.Debug|x86.ActiveCfg = Debug|Any CPU
		{F1068145-053F-40A4-8641-1B738841336A}.Debug|x86.Build.0 = Debug|Any CPU
		{F1068145-053F-40A4-8641-1B738841336A}.Release|Any CPU.ActiveCfg = Release|Any CPU
		{F1068145-053F-40A4-8641-1B738841336A}.Release|Any CPU.Build.0 = Release|Any CPU
		{F1068145-053F-40A4-8641-1B738841336A}.Release|x64.ActiveCfg = Release|Any CPU
		{F1068145-053F-40A4-8641-1B738841336A}.Release|x64.Build.0 = Release|Any CPU
		{F1068145-053F-40A4-8641-1B738841336A}.Release|x86.ActiveCfg = Release|Any CPU
		{F1068145-053F-40A4-8641-1B738841336A}.Release|x86.Build.0 = Release|Any CPU
		{35BDA92E-C344-404B-B0DA-ADE856D10F8C}.Debug|Any CPU.ActiveCfg = Debug|Any CPU
		{35BDA92E-C344-404B-B0DA-ADE856D10F8C}.Debug|Any CPU.Build.0 = Debug|Any CPU
		{35BDA92E-C344-404B-B0DA-ADE856D10F8C}.Debug|x64.ActiveCfg = Debug|Any CPU
		{35BDA92E-C344-404B-B0DA-ADE856D10F8C}.Debug|x64.Build.0 = Debug|Any CPU
		{35BDA92E-C344-404B-B0DA-ADE856D10F8C}.Debug|x86.ActiveCfg = Debug|Any CPU
		{35BDA92E-C344-404B-B0DA-ADE856D10F8C}.Debug|x86.Build.0 = Debug|Any CPU
		{35BDA92E-C344-404B-B0DA-ADE856D10F8C}.Release|Any CPU.ActiveCfg = Release|Any CPU
		{35BDA92E-C344-404B-B0DA-ADE856D10F8C}.Release|Any CPU.Build.0 = Release|Any CPU
		{35BDA92E-C344-404B-B0DA-ADE856D10F8C}.Release|x64.ActiveCfg = Release|Any CPU
		{35BDA92E-C344-404B-B0DA-ADE856D10F8C}.Release|x64.Build.0 = Release|Any CPU
		{35BDA92E-C344-404B-B0DA-ADE856D10F8C}.Release|x86.ActiveCfg = Release|Any CPU
		{35BDA92E-C344-404B-B0DA-ADE856D10F8C}.Release|x86.Build.0 = Release|Any CPU
		{CFC2D452-56ED-4709-A384-7DACD4F70531}.Debug|Any CPU.ActiveCfg = Debug|Any CPU
		{CFC2D452-56ED-4709-A384-7DACD4F70531}.Debug|Any CPU.Build.0 = Debug|Any CPU
		{CFC2D452-56ED-4709-A384-7DACD4F70531}.Debug|x64.ActiveCfg = Debug|Any CPU
		{CFC2D452-56ED-4709-A384-7DACD4F70531}.Debug|x64.Build.0 = Debug|Any CPU
		{CFC2D452-56ED-4709-A384-7DACD4F70531}.Debug|x86.ActiveCfg = Debug|Any CPU
		{CFC2D452-56ED-4709-A384-7DACD4F70531}.Debug|x86.Build.0 = Debug|Any CPU
		{CFC2D452-56ED-4709-A384-7DACD4F70531}.Release|Any CPU.ActiveCfg = Release|Any CPU
		{CFC2D452-56ED-4709-A384-7DACD4F70531}.Release|Any CPU.Build.0 = Release|Any CPU
		{CFC2D452-56ED-4709-A384-7DACD4F70531}.Release|x64.ActiveCfg = Release|Any CPU
		{CFC2D452-56ED-4709-A384-7DACD4F70531}.Release|x64.Build.0 = Release|Any CPU
		{CFC2D452-56ED-4709-A384-7DACD4F70531}.Release|x86.ActiveCfg = Release|Any CPU
		{CFC2D452-56ED-4709-A384-7DACD4F70531}.Release|x86.Build.0 = Release|Any CPU
		{92546B8C-40F0-4C4B-B98D-10AA6CEAB5FF}.Debug|Any CPU.ActiveCfg = Debug|Any CPU
		{92546B8C-40F0-4C4B-B98D-10AA6CEAB5FF}.Debug|Any CPU.Build.0 = Debug|Any CPU
		{92546B8C-40F0-4C4B-B98D-10AA6CEAB5FF}.Debug|x64.ActiveCfg = Debug|Any CPU
		{92546B8C-40F0-4C4B-B98D-10AA6CEAB5FF}.Debug|x64.Build.0 = Debug|Any CPU
		{92546B8C-40F0-4C4B-B98D-10AA6CEAB5FF}.Debug|x86.ActiveCfg = Debug|Any CPU
		{92546B8C-40F0-4C4B-B98D-10AA6CEAB5FF}.Debug|x86.Build.0 = Debug|Any CPU
		{92546B8C-40F0-4C4B-B98D-10AA6CEAB5FF}.Release|Any CPU.ActiveCfg = Release|Any CPU
		{92546B8C-40F0-4C4B-B98D-10AA6CEAB5FF}.Release|Any CPU.Build.0 = Release|Any CPU
		{92546B8C-40F0-4C4B-B98D-10AA6CEAB5FF}.Release|x64.ActiveCfg = Release|Any CPU
		{92546B8C-40F0-4C4B-B98D-10AA6CEAB5FF}.Release|x64.Build.0 = Release|Any CPU
		{92546B8C-40F0-4C4B-B98D-10AA6CEAB5FF}.Release|x86.ActiveCfg = Release|Any CPU
		{92546B8C-40F0-4C4B-B98D-10AA6CEAB5FF}.Release|x86.Build.0 = Release|Any CPU
		{7545C906-A657-47C0-816F-CF2A52C31DB8}.Debug|Any CPU.ActiveCfg = Debug|Any CPU
		{7545C906-A657-47C0-816F-CF2A52C31DB8}.Debug|Any CPU.Build.0 = Debug|Any CPU
		{7545C906-A657-47C0-816F-CF2A52C31DB8}.Debug|x64.ActiveCfg = Debug|Any CPU
		{7545C906-A657-47C0-816F-CF2A52C31DB8}.Debug|x64.Build.0 = Debug|Any CPU
		{7545C906-A657-47C0-816F-CF2A52C31DB8}.Debug|x86.ActiveCfg = Debug|Any CPU
		{7545C906-A657-47C0-816F-CF2A52C31DB8}.Debug|x86.Build.0 = Debug|Any CPU
		{7545C906-A657-47C0-816F-CF2A52C31DB8}.Release|Any CPU.ActiveCfg = Release|Any CPU
		{7545C906-A657-47C0-816F-CF2A52C31DB8}.Release|Any CPU.Build.0 = Release|Any CPU
		{7545C906-A657-47C0-816F-CF2A52C31DB8}.Release|x64.ActiveCfg = Release|Any CPU
		{7545C906-A657-47C0-816F-CF2A52C31DB8}.Release|x64.Build.0 = Release|Any CPU
		{7545C906-A657-47C0-816F-CF2A52C31DB8}.Release|x86.ActiveCfg = Release|Any CPU
		{7545C906-A657-47C0-816F-CF2A52C31DB8}.Release|x86.Build.0 = Release|Any CPU
		{8F9A2A67-44E4-474E-9CFB-E1EA0E366253}.Debug|Any CPU.ActiveCfg = Debug|Any CPU
		{8F9A2A67-44E4-474E-9CFB-E1EA0E366253}.Debug|Any CPU.Build.0 = Debug|Any CPU
		{8F9A2A67-44E4-474E-9CFB-E1EA0E366253}.Debug|x64.ActiveCfg = Debug|Any CPU
		{8F9A2A67-44E4-474E-9CFB-E1EA0E366253}.Debug|x64.Build.0 = Debug|Any CPU
		{8F9A2A67-44E4-474E-9CFB-E1EA0E366253}.Debug|x86.ActiveCfg = Debug|Any CPU
		{8F9A2A67-44E4-474E-9CFB-E1EA0E366253}.Debug|x86.Build.0 = Debug|Any CPU
		{8F9A2A67-44E4-474E-9CFB-E1EA0E366253}.Release|Any CPU.ActiveCfg = Release|Any CPU
		{8F9A2A67-44E4-474E-9CFB-E1EA0E366253}.Release|Any CPU.Build.0 = Release|Any CPU
		{8F9A2A67-44E4-474E-9CFB-E1EA0E366253}.Release|x64.ActiveCfg = Release|Any CPU
		{8F9A2A67-44E4-474E-9CFB-E1EA0E366253}.Release|x64.Build.0 = Release|Any CPU
		{8F9A2A67-44E4-474E-9CFB-E1EA0E366253}.Release|x86.ActiveCfg = Release|Any CPU
		{8F9A2A67-44E4-474E-9CFB-E1EA0E366253}.Release|x86.Build.0 = Release|Any CPU
		{0FBD773F-A8B1-48C9-A31B-FFE54A2932EE}.Debug|Any CPU.ActiveCfg = Debug|Any CPU
		{0FBD773F-A8B1-48C9-A31B-FFE54A2932EE}.Debug|Any CPU.Build.0 = Debug|Any CPU
		{0FBD773F-A8B1-48C9-A31B-FFE54A2932EE}.Debug|x64.ActiveCfg = Debug|Any CPU
		{0FBD773F-A8B1-48C9-A31B-FFE54A2932EE}.Debug|x64.Build.0 = Debug|Any CPU
		{0FBD773F-A8B1-48C9-A31B-FFE54A2932EE}.Debug|x86.ActiveCfg = Debug|Any CPU
		{0FBD773F-A8B1-48C9-A31B-FFE54A2932EE}.Debug|x86.Build.0 = Debug|Any CPU
		{0FBD773F-A8B1-48C9-A31B-FFE54A2932EE}.Release|Any CPU.ActiveCfg = Release|Any CPU
		{0FBD773F-A8B1-48C9-A31B-FFE54A2932EE}.Release|Any CPU.Build.0 = Release|Any CPU
		{0FBD773F-A8B1-48C9-A31B-FFE54A2932EE}.Release|x64.ActiveCfg = Release|Any CPU
		{0FBD773F-A8B1-48C9-A31B-FFE54A2932EE}.Release|x64.Build.0 = Release|Any CPU
		{0FBD773F-A8B1-48C9-A31B-FFE54A2932EE}.Release|x86.ActiveCfg = Release|Any CPU
		{0FBD773F-A8B1-48C9-A31B-FFE54A2932EE}.Release|x86.Build.0 = Release|Any CPU
		{1067065B-1A9A-41ED-B8FF-8A53DE08BC29}.Debug|Any CPU.ActiveCfg = Debug|Any CPU
		{1067065B-1A9A-41ED-B8FF-8A53DE08BC29}.Debug|Any CPU.Build.0 = Debug|Any CPU
		{1067065B-1A9A-41ED-B8FF-8A53DE08BC29}.Debug|x64.ActiveCfg = Debug|Any CPU
		{1067065B-1A9A-41ED-B8FF-8A53DE08BC29}.Debug|x64.Build.0 = Debug|Any CPU
		{1067065B-1A9A-41ED-B8FF-8A53DE08BC29}.Debug|x86.ActiveCfg = Debug|Any CPU
		{1067065B-1A9A-41ED-B8FF-8A53DE08BC29}.Debug|x86.Build.0 = Debug|Any CPU
		{1067065B-1A9A-41ED-B8FF-8A53DE08BC29}.Release|Any CPU.ActiveCfg = Release|Any CPU
		{1067065B-1A9A-41ED-B8FF-8A53DE08BC29}.Release|Any CPU.Build.0 = Release|Any CPU
		{1067065B-1A9A-41ED-B8FF-8A53DE08BC29}.Release|x64.ActiveCfg = Release|Any CPU
		{1067065B-1A9A-41ED-B8FF-8A53DE08BC29}.Release|x64.Build.0 = Release|Any CPU
		{1067065B-1A9A-41ED-B8FF-8A53DE08BC29}.Release|x86.ActiveCfg = Release|Any CPU
		{1067065B-1A9A-41ED-B8FF-8A53DE08BC29}.Release|x86.Build.0 = Release|Any CPU
	EndGlobalSection
	GlobalSection(SolutionProperties) = preSolution
		HideSolutionNode = FALSE
	EndGlobalSection
	GlobalSection(NestedProjects) = preSolution
		{F0E4D74A-A9F6-0CEB-EC1B-587B4EDAA46B} = {C13DF9A2-BA4D-A1B9-761E-1AF5DE5BF051}
		{6E73EBE0-AEC2-4399-978E-C86E0D5E1A11} = {F0E4D74A-A9F6-0CEB-EC1B-587B4EDAA46B}
		{F7294632-E8EF-46DA-B3C0-72A5B64406FC} = {F0E4D74A-A9F6-0CEB-EC1B-587B4EDAA46B}
		{54B1BAAC-4C23-41A9-8076-6DDE97A8E46B} = {F0E4D74A-A9F6-0CEB-EC1B-587B4EDAA46B}
		{B787B5D1-F547-48BF-91AF-25225B4F6F16} = {F0E4D74A-A9F6-0CEB-EC1B-587B4EDAA46B}
		{0FFB6356-11BD-8247-1BE4-2A2F8DA43623} = {881589EE-639B-0A35-DBCE-5D94E4FC90C0}
		{E78B4494-D975-4A0A-97FE-01C4C1B9975A} = {0FFB6356-11BD-8247-1BE4-2A2F8DA43623}
		{E5A110F5-B5A5-483E-ACFB-4C8FD1441E16} = {0FFB6356-11BD-8247-1BE4-2A2F8DA43623}
		{46C6F598-D907-2EE4-E407-8E9C5E8D325E} = {881589EE-639B-0A35-DBCE-5D94E4FC90C0}
		{F5A644AF-B272-4B29-AC6A-CB3BC0201C0F} = {46C6F598-D907-2EE4-E407-8E9C5E8D325E}
		{56787BCC-1D17-4674-3EC8-20108B77A4E0} = {881589EE-639B-0A35-DBCE-5D94E4FC90C0}
		{70346D1D-BE27-4C10-B489-E427D168F6A3} = {56787BCC-1D17-4674-3EC8-20108B77A4E0}
		{88443A57-9919-213F-21FA-7714FFA1EEFC} = {881589EE-639B-0A35-DBCE-5D94E4FC90C0}
		{5C5E9D51-4D23-C6C2-228F-A285A3EE1BEC} = {881589EE-639B-0A35-DBCE-5D94E4FC90C0}
		{C2F633A8-C105-46E2-B8F7-A4EA1E9B33A4} = {5C5E9D51-4D23-C6C2-228F-A285A3EE1BEC}
		{F433EB62-E417-8789-1F69-1E89F81C575B} = {8FACA5AE-6910-C0F8-C7AF-9A631EB1C11B}
		{60F2EAED-B43C-B885-D5EE-B7F78EEBC4FD} = {F433EB62-E417-8789-1F69-1E89F81C575B}
		{6B2F1E10-9005-48C2-8C9E-03538D9F356E} = {60F2EAED-B43C-B885-D5EE-B7F78EEBC4FD}
		{C2C694A3-B3D2-01AD-BC90-93217C79098C} = {9DDA50E5-7C40-8D64-9153-BA390C772D55}
		{0D509C90-22EF-4212-9D0A-FAB02430B01B} = {C2C694A3-B3D2-01AD-BC90-93217C79098C}
		{F1068145-053F-40A4-8641-1B738841336A} = {C2C694A3-B3D2-01AD-BC90-93217C79098C}
		{35BDA92E-C344-404B-B0DA-ADE856D10F8C} = {C2C694A3-B3D2-01AD-BC90-93217C79098C}
		{CFC2D452-56ED-4709-A384-7DACD4F70531} = {C2C694A3-B3D2-01AD-BC90-93217C79098C}
		{92546B8C-40F0-4C4B-B98D-10AA6CEAB5FF} = {88443A57-9919-213F-21FA-7714FFA1EEFC}
		{7545C906-A657-47C0-816F-CF2A52C31DB8} = {88443A57-9919-213F-21FA-7714FFA1EEFC}
		{8F9A2A67-44E4-474E-9CFB-E1EA0E366253} = {88443A57-9919-213F-21FA-7714FFA1EEFC}
		{EA7B36D5-96A9-EB14-2CD4-641021870AD5} = {C3A202AD-EADD-4864-49DF-ED20E2971546}
		{0FBD773F-A8B1-48C9-A31B-FFE54A2932EE} = {EA7B36D5-96A9-EB14-2CD4-641021870AD5}
		{87E366C1-8DC6-48A0-B6BF-07F71ACC2E9B} = {C3A202AD-EADD-4864-49DF-ED20E2971546}
		{1067065B-1A9A-41ED-B8FF-8A53DE08BC29} = {87E366C1-8DC6-48A0-B6BF-07F71ACC2E9B}
	EndGlobalSection
EndGlobal
